
Microsoft Visual Studio Solution File, Format Version 12.00
# Visual Studio Version 16
VisualStudioVersion = 16.0.29920.165
MinimumVisualStudioVersion = 10.0.40219.1
Project("{9A19103F-16F7-4668-BE54-9A1E7A4F7556}") = "RollingStones", "RollingStones\RollingStones.csproj", "{3ADBEDAD-7B94-40A7-A4E6-5FB8849C6574}"
EndProject
Project("{9A19103F-16F7-4668-BE54-9A1E7A4F7556}") = "TestsGame", "TestsGame\TestsGame.csproj", "{5E035302-C1B1-4B70-B2BB-A01FE3482777}"
EndProject
Project("{FAE04EC0-301F-11D3-BF4B-00C04F79EFBC}") = "TestExceptions", "TestExceptions\TestExceptions.csproj", "{D4F36356-EEB1-4640-8173-5F47916B6623}"
EndProject
Global
	GlobalSection(SolutionConfigurationPlatforms) = preSolution
		Debug|Any CPU = Debug|Any CPU
		Release|Any CPU = Release|Any CPU
	EndGlobalSection
	GlobalSection(ProjectConfigurationPlatforms) = postSolution
		{3ADBEDAD-7B94-40A7-A4E6-5FB8849C6574}.Debug|Any CPU.ActiveCfg = Debug|Any CPU
		{3ADBEDAD-7B94-40A7-A4E6-5FB8849C6574}.Debug|Any CPU.Build.0 = Debug|Any CPU
		{3ADBEDAD-7B94-40A7-A4E6-5FB8849C6574}.Release|Any CPU.ActiveCfg = Release|Any CPU
		{3ADBEDAD-7B94-40A7-A4E6-5FB8849C6574}.Release|Any CPU.Build.0 = Release|Any CPU
		{5E035302-C1B1-4B70-B2BB-A01FE3482777}.Debug|Any CPU.ActiveCfg = Debug|Any CPU
		{5E035302-C1B1-4B70-B2BB-A01FE3482777}.Debug|Any CPU.Build.0 = Debug|Any CPU
		{5E035302-C1B1-4B70-B2BB-A01FE3482777}.Release|Any CPU.ActiveCfg = Release|Any CPU
		{5E035302-C1B1-4B70-B2BB-A01FE3482777}.Release|Any CPU.Build.0 = Release|Any CPU
		{D4F36356-EEB1-4640-8173-5F47916B6623}.Debug|Any CPU.ActiveCfg = Debug|Any CPU
		{D4F36356-EEB1-4640-8173-5F47916B6623}.Debug|Any CPU.Build.0 = Debug|Any CPU
		{D4F36356-EEB1-4640-8173-5F47916B6623}.Release|Any CPU.ActiveCfg = Release|Any CPU
		{D4F36356-EEB1-4640-8173-5F47916B6623}.Release|Any CPU.Build.0 = Release|Any CPU
	EndGlobalSection
	GlobalSection(SolutionProperties) = preSolution
		HideSolutionNode = FALSE
	EndGlobalSection
	GlobalSection(ExtensibilityGlobals) = postSolution
		SolutionGuid = {6E55E207-75FB-47C9-858A-366BDA89E008}
	EndGlobalSection
EndGlobal
